{
  "nodes": {
    "firmware": {
      "flake": false,
      "locked": {
        "lastModified": 1721077782,
        "narHash": "sha256-dhfplH0MdKupdgaxM0GOecNzw9Vp0PE+8b/KaQUP+/I=",
        "owner": "Seraphin-",
        "repo": "linux-firmware-x1e80100-lenovo-yoga-slim7x",
        "rev": "2719d51f904b7312f61115c0461e59b4bbe9909d",
        "type": "github"
      },
      "original": {
        "owner": "Seraphin-",
        "repo": "linux-firmware-x1e80100-lenovo-yoga-slim7x",
        "type": "github"
      }
    },
    "linux-qcom-for-next": {
      "flake": false,
      "locked": {
        "lastModified": 1720604730,
        "narHash": "sha256-8lUq1E2VELDzm8XNwQAcAX+js1Fg4QYZ+5oHzAi7CJU=",
        "ref": "x1e80100-next",
        "rev": "f85fa14852a17943ffa1623682030c11ea8a099b",
        "shallow": true,
        "type": "git",
        "url": "https://git.codelinaro.org/abel.vesa/linux.git"
      },
      "original": {
        "ref": "x1e80100-next",
        "shallow": true,
        "type": "git",
        "url": "https://git.codelinaro.org/abel.vesa/linux.git"
      }
    },
    "nixpkgs": {
      "locked": {
        "lastModified": 1721085214,
        "narHash": "sha256-1uSL8Vo7iAjNsImEQG3SXX+v7+PMChf/iooQa1qYmKw=",
        "owner": "colemickens",
        "repo": "nixpkgs",
        "rev": "23ecc5b101d25f128ca0261bad9a32adeeebf880",
        "type": "github"
      },
      "original": {
        "owner": "colemickens",
        "ref": "cmpkgs",
        "repo": "nixpkgs",
        "type": "github"
      }
    },
    "root": {
      "inputs": {
        "firmware": "firmware",
        "linux-qcom-for-next": "linux-qcom-for-next",
        "nixpkgs": "nixpkgs"
      }
    }
  },
  "root": "root",
  "version": 7
}
