{
  "nodes": {
    "firmware": {
      "flake": false,
      "locked": {
        "lastModified": 1721077782,
        "narHash": "sha256-dhfplH0MdKupdgaxM0GOecNzw9Vp0PE+8b/KaQUP+/I=",
        "owner": "Seraphin-",
        "repo": "linux-firmware-x1e80100-lenovo-yoga-slim7x",
        "rev": "2719d51f904b7312f61115c0461e59b4bbe9909d",
        "type": "github"
      },
      "original": {
        "owner": "Seraphin-",
        "repo": "linux-firmware-x1e80100-lenovo-yoga-slim7x",
        "type": "github"
      }
    },
    "linux-qcom-for-next": {
      "flake": false,
      "locked": {
        "lastModified": 1721928281,
        "narHash": "sha256-0DFmPJEFl+cQT3Li4vuptBwavRc9CQOatd8TIYht+54=",
        "ref": "x1e80100-next",
        "rev": "193c13360708092fe535ead8fb58529445c269c1",
        "shallow": true,
        "type": "git",
        "url": "https://git.codelinaro.org/abel.vesa/linux.git"
      },
      "original": {
        "ref": "x1e80100-next",
        "shallow": true,
        "type": "git",
        "url": "https://git.codelinaro.org/abel.vesa/linux.git"
      }
    },
    "nixpkgs": {
      "locked": {
        "lastModified": 1722369412,
        "narHash": "sha256-+FygzLw8Cfo/F4zRMOmB1o8o38Qc0bt1AK9egLvFOWY=",
        "owner": "colemickens",
        "repo": "nixpkgs",
        "rev": "b3ef19199109eee89304741ebab84c0d9a62d9ca",
        "type": "github"
      },
      "original": {
        "owner": "colemickens",
        "ref": "cmpkgs",
        "repo": "nixpkgs",
        "type": "github"
      }
    },
    "root": {
      "inputs": {
        "firmware": "firmware",
        "linux-qcom-for-next": "linux-qcom-for-next",
        "nixpkgs": "nixpkgs"
      }
    }
  },
  "root": "root",
  "version": 7
}
