{
  "nodes": {
    "firmware": {
      "flake": false,
      "locked": {
        "lastModified": 1721077782,
        "narHash": "sha256-dhfplH0MdKupdgaxM0GOecNzw9Vp0PE+8b/KaQUP+/I=",
        "owner": "Seraphin-",
        "repo": "linux-firmware-x1e80100-lenovo-yoga-slim7x",
        "rev": "2719d51f904b7312f61115c0461e59b4bbe9909d",
        "type": "github"
      },
      "original": {
        "owner": "Seraphin-",
        "repo": "linux-firmware-x1e80100-lenovo-yoga-slim7x",
        "type": "github"
      }
    },
    "linux": {
      "flake": false,
      "locked": {
        "lastModified": 1722266711,
        "narHash": "sha256-7RYZNYlDY2+ileDQAMvsrvhBgUelx4hsqGlU9uRyJrw=",
        "owner": "jhovold",
        "repo": "linux",
        "rev": "e92057c615fec749fefcca4ab28ee5c425e3691b",
        "type": "github"
      },
      "original": {
        "owner": "jhovold",
        "ref": "wip/x1e80100-6.11-rc1",
        "repo": "linux",
        "type": "github"
      }
    },
    "nixpkgs": {
      "locked": {
        "lastModified": 1722471175,
        "narHash": "sha256-Q3Rr8MsUucET7s/hu0P7+H0SZDtfsb4z1MVH/mql7bs=",
        "owner": "colemickens",
        "repo": "nixpkgs",
        "rev": "66e6aada0e6cb07d77400b05a4ed6323f6881055",
        "type": "github"
      },
      "original": {
        "owner": "colemickens",
        "ref": "cmpkgs-sdx",
        "repo": "nixpkgs",
        "type": "github"
      }
    },
    "root": {
      "inputs": {
        "firmware": "firmware",
        "linux": "linux",
        "nixpkgs": "nixpkgs"
      }
    }
  },
  "root": "root",
  "version": 7
}
